PODS:
  - Capacitor (4.6.3):
    - CapacitorCordova
  - CapacitorCordova (4.6.3)

DEPENDENCIES:
  - "Capacitor (from `../node_modules/@capacitor/ios`)"
  - "CapacitorCordova (from `../node_modules/@capacitor/ios`)"

EXTERNAL SOURCES:
  Capacitor:
    :path: "../node_modules/@capacitor/ios"
  CapacitorCordova:
    :path: "../node_modules/@capacitor/ios"

SPEC CHECKSUMS:
  Capacitor: 744b9eea76ac615076a15f1eb2a754f155012e54
  CapacitorCordova: 4c146609d8f3a3ce164ed0996761759c65cc6402

PODFILE CHECKSUM: 14e8b2400457751b865e1c327e7cfa1c6fa67da6

COCOAPODS: 1.11.3
